
Microsoft Visual Studio Solution File, Format Version 12.00
# Visual Studio Version 17
VisualStudioVersion = 17.11.35312.102
MinimumVisualStudioVersion = 10.0.40219.1
Project("{FAE04EC0-301F-11D3-BF4B-00C04F79EFBC}") = "DafTask", "DafTask.csproj", "{3B08A60C-CB23-411D-A969-72333CD98931}"
EndProject
Global
	GlobalSection(SolutionConfigurationPlatforms) = preSolution
		Debug|Any CPU = Debug|Any CPU
		Release|Any CPU = Release|Any CPU
	EndGlobalSection
	GlobalSection(ProjectConfigurationPlatforms) = postSolution
		{3B08A60C-CB23-411D-A969-72333CD98931}.Debug|Any CPU.ActiveCfg = Debug|Any CPU
		{3B08A60C-CB23-411D-A969-72333CD98931}.Debug|Any CPU.Build.0 = Debug|Any CPU
		{3B08A60C-CB23-411D-A969-72333CD98931}.Release|Any CPU.ActiveCfg = Release|Any CPU
		{3B08A60C-CB23-411D-A969-72333CD98931}.Release|Any CPU.Build.0 = Release|Any CPU
	EndGlobalSection
	GlobalSection(SolutionProperties) = preSolution
		HideSolutionNode = FALSE
	EndGlobalSection
	GlobalSection(ExtensibilityGlobals) = postSolution
		SolutionGuid = {789F242F-9F64-4E1B-8FF6-3152915D4F83}
	EndGlobalSection
EndGlobal
